
Microsoft Visual Studio Solution File, Format Version 12.00
# Visual Studio Version 17
VisualStudioVersion = 17.10.35013.160
MinimumVisualStudioVersion = 10.0.40219.1
Project("{8BC9CEB8-8B4A-11D0-8D11-00A0C91BC942}") = "TCP기반 서버 클라이언트1", "TCP기반 서버 클라이언트1\TCP기반 서버 클라이언트1.vcxproj", "{6341D95A-180C-4998-B7D1-1B2766C0662A}"
EndProject
Global
	GlobalSection(SolutionConfigurationPlatforms) = preSolution
		Debug|x64 = Debug|x64
		Debug|x86 = Debug|x86
		Release|x64 = Release|x64
		Release|x86 = Release|x86
	EndGlobalSection
	GlobalSection(ProjectConfigurationPlatforms) = postSolution
		{6341D95A-180C-4998-B7D1-1B2766C0662A}.Debug|x64.ActiveCfg = Debug|x64
		{6341D95A-180C-4998-B7D1-1B2766C0662A}.Debug|x64.Build.0 = Debug|x64
		{6341D95A-180C-4998-B7D1-1B2766C0662A}.Debug|x86.ActiveCfg = Debug|Win32
		{6341D95A-180C-4998-B7D1-1B2766C0662A}.Debug|x86.Build.0 = Debug|Win32
		{6341D95A-180C-4998-B7D1-1B2766C0662A}.Release|x64.ActiveCfg = Release|x64
		{6341D95A-180C-4998-B7D1-1B2766C0662A}.Release|x64.Build.0 = Release|x64
		{6341D95A-180C-4998-B7D1-1B2766C0662A}.Release|x86.ActiveCfg = Release|Win32
		{6341D95A-180C-4998-B7D1-1B2766C0662A}.Release|x86.Build.0 = Release|Win32
	EndGlobalSection
	GlobalSection(SolutionProperties) = preSolution
		HideSolutionNode = FALSE
	EndGlobalSection
	GlobalSection(ExtensibilityGlobals) = postSolution
		SolutionGuid = {E103A59D-3DD5-484D-8186-0E5A2A4B2B83}
	EndGlobalSection
EndGlobal
